// !$*UTF8*$!
{
	archiveVersion = 1;
	classes = {
	};
	objectVersion = 77;
	objects = {

/* Begin PBXContainerItemProxy section */
		EE1CEF4A2E48469400DD2195 /* PBXContainerItemProxy */ = {
			isa = PBXContainerItemProxy;
			containerPortal = EE1CEF312E48469300DD2195 /* Project object */;
			proxyType = 1;
			remoteGlobalIDString = EE1CEF382E48469300DD2195;
			remoteInfo = PomodoroFocus;
		};
		EE1CEF542E48469400DD2195 /* PBXContainerItemProxy */ = {
			isa = PBXContainerItemProxy;
			containerPortal = EE1CEF312E48469300DD2195 /* Project object */;
			proxyType = 1;
			remoteGlobalIDString = EE1CEF382E48469300DD2195;
			remoteInfo = PomodoroFocus;
		};
/* End PBXContainerItemProxy section */

/* Begin PBXFileReference section */
		EE1CEF392E48469300DD2195 /* PomodoroFocus.app */ = {isa = PBXFileReference; explicitFileType = wrapper.application; includeInIndex = 0; path = PomodoroFocus.app; sourceTree = BUILT_PRODUCTS_DIR; };
		EE1CEF492E48469400DD2195 /* PomodoroFocusTests.xctest */ = {isa = PBXFileReference; explicitFileType = wrapper.cfbundle; includeInIndex = 0; path = PomodoroFocusTests.xctest; sourceTree = BUILT_PRODUCTS_DIR; };
		EE1CEF532E48469400DD2195 /* PomodoroFocusUITests.xctest */ = {isa = PBXFileReference; explicitFileType = wrapper.cfbundle; includeInIndex = 0; path = PomodoroFocusUITests.xctest; sourceTree = BUILT_PRODUCTS_DIR; };
/* End PBXFileReference section */

/* Begin PBXFileSystemSynchronizedRootGroup section */
		EE1CEF3B2E48469300DD2195 /* PomodoroFocus */ = {
			isa = PBXFileSystemSynchronizedRootGroup;
			path = PomodoroFocus;
			sourceTree = "<group>";
		};
		EE1CEF4C2E48469400DD2195 /* PomodoroFocusTests */ = {
			isa = PBXFileSystemSynchronizedRootGroup;
			path = PomodoroFocusTests;
			sourceTree = "<group>";
		};
		EE1CEF562E48469400DD2195 /* PomodoroFocusUITests */ = {
			isa = PBXFileSystemSynchronizedRootGroup;
			path = PomodoroFocusUITests;
			sourceTree = "<group>";
		};
/* End PBXFileSystemSynchronizedRootGroup section */

/* Begin PBXFrameworksBuildPhase section */
		EE1CEF362E48469300DD2195 /* Frameworks */ = {
			isa = PBXFrameworksBuildPhase;
			buildActionMask = 2147483647;
			files = (
			);
			runOnlyForDeploymentPostprocessing = 0;
		};
		EE1CEF462E48469400DD2195 /* Frameworks */ = {
			isa = PBXFrameworksBuildPhase;
			buildActionMask = 2147483647;
			files = (
			);
			runOnlyForDeploymentPostprocessing = 0;
		};
		EE1CEF502E48469400DD2195 /* Frameworks */ = {
			isa = PBXFrameworksBuildPhase;
			buildActionMask = 2147483647;
			files = (
			);
			runOnlyForDeploymentPostprocessing = 0;
		};
/* End PBXFrameworksBuildPhase section */

/* Begin PBXGroup section */
		EE1CEF302E48469300DD2195 = {
			isa = PBXGroup;
			children = (
				EE1CEF3B2E48469300DD2195 /* PomodoroFocus */,
				EE1CEF4C2E48469400DD2195 /* PomodoroFocusTests */,
				EE1CEF562E48469400DD2195 /* PomodoroFocusUITests */,
				EE1CEF3A2E48469300DD2195 /* Products */,
			);
			sourceTree = "<group>";
		};
		EE1CEF3A2E48469300DD2195 /* Products */ = {
			isa = PBXGroup;
			children = (
				EE1CEF392E48469300DD2195 /* PomodoroFocus.app */,
				EE1CEF492E48469400DD2195 /* PomodoroFocusTests.xctest */,
				EE1CEF532E48469400DD2195 /* PomodoroFocusUITests.xctest */,
			);
			name = Products;
			sourceTree = "<group>";
		};
/* End PBXGroup section */

/* Begin PBXNativeTarget section */
		EE1CEF382E48469300DD2195 /* PomodoroFocus */ = {
			isa = PBXNativeTarget;
			buildConfigurationList = EE1CEF5D2E48469400DD2195 /* Build configuration list for PBXNativeTarget "PomodoroFocus" */;
			buildPhases = (
				EE1CEF352E48469300DD2195 /* Sources */,
				EE1CEF362E48469300DD2195 /* Frameworks */,
				EE1CEF372E48469300DD2195 /* Resources */,
			);
			buildRules = (
			);
			dependencies = (
			);
			fileSystemSynchronizedGroups = (
				EE1CEF3B2E48469300DD2195 /* PomodoroFocus */,
			);
			name = PomodoroFocus;
			packageProductDependencies = (
			);
			productName = PomodoroFocus;
			productReference = EE1CEF392E48469300DD2195 /* PomodoroFocus.app */;
			productType = "com.apple.product-type.application";
		};
		EE1CEF482E48469400DD2195 /* PomodoroFocusTests */ = {
			isa = PBXNativeTarget;
			buildConfigurationList = EE1CEF602E48469400DD2195 /* Build configuration list for PBXNativeTarget "PomodoroFocusTests" */;
			buildPhases = (
				EE1CEF452E48469400DD2195 /* Sources */,
				EE1CEF462E48469400DD2195 /* Frameworks */,
				EE1CEF472E48469400DD2195 /* Resources */,
			);
			buildRules = (
			);
			dependencies = (
				EE1CEF4B2E48469400DD2195 /* PBXTargetDependency */,
			);
			fileSystemSynchronizedGroups = (
				EE1CEF4C2E48469400DD2195 /* PomodoroFocusTests */,
			);
			name = PomodoroFocusTests;
			packageProductDependencies = (
			);
			productName = PomodoroFocusTests;
			productReference = EE1CEF492E48469400DD2195 /* PomodoroFocusTests.xctest */;
			productType = "com.apple.product-type.bundle.unit-test";
		};
		EE1CEF522E48469400DD2195 /* PomodoroFocusUITests */ = {
			isa = PBXNativeTarget;
			buildConfigurationList = EE1CEF632E48469400DD2195 /* Build configuration list for PBXNativeTarget "PomodoroFocusUITests" */;
			buildPhases = (
				EE1CEF4F2E48469400DD2195 /* Sources */,
				EE1CEF502E48469400DD2195 /* Frameworks */,
				EE1CEF512E48469400DD2195 /* Resources */,
			);
			buildRules = (
			);
			dependencies = (
				EE1CEF552E48469400DD2195 /* PBXTargetDependency */,
			);
			fileSystemSynchronizedGroups = (
				EE1CEF562E48469400DD2195 /* PomodoroFocusUITests */,
			);
			name = PomodoroFocusUITests;
			packageProductDependencies = (
			);
			productName = PomodoroFocusUITests;
			productReference = EE1CEF532E48469400DD2195 /* PomodoroFocusUITests.xctest */;
			productType = "com.apple.product-type.bundle.ui-testing";
		};
/* End PBXNativeTarget section */

/* Begin PBXProject section */
		EE1CEF312E48469300DD2195 /* Project object */ = {
			isa = PBXProject;
			attributes = {
				BuildIndependentTargetsInParallel = 1;
				LastSwiftUpdateCheck = 1620;
				LastUpgradeCheck = 1620;
				TargetAttributes = {
					EE1CEF382E48469300DD2195 = {
						CreatedOnToolsVersion = 16.2;
					};
					EE1CEF482E48469400DD2195 = {
						CreatedOnToolsVersion = 16.2;
						TestTargetID = EE1CEF382E48469300DD2195;
					};
					EE1CEF522E48469400DD2195 = {
						CreatedOnToolsVersion = 16.2;
						TestTargetID = EE1CEF382E48469300DD2195;
					};
				};
			};
			buildConfigurationList = EE1CEF342E48469300DD2195 /* Build configuration list for PBXProject "PomodoroFocus" */;
			developmentRegion = en;
			hasScannedForEncodings = 0;
			knownRegions = (
				en,
				Base,
			);
			mainGroup = EE1CEF302E48469300DD2195;
			minimizedProjectReferenceProxies = 1;
			preferredProjectObjectVersion = 77;
			productRefGroup = EE1CEF3A2E48469300DD2195 /* Products */;
			projectDirPath = "";
			projectRoot = "";
			targets = (
				EE1CEF382E48469300DD2195 /* PomodoroFocus */,
				EE1CEF482E48469400DD2195 /* PomodoroFocusTests */,
				EE1CEF522E48469400DD2195 /* PomodoroFocusUITests */,
			);
		};
/* End PBXProject section */

/* Begin PBXResourcesBuildPhase section */
		EE1CEF372E48469300DD2195 /* Resources */ = {
			isa = PBXResourcesBuildPhase;
			buildActionMask = 2147483647;
			files = (
			);
			runOnlyForDeploymentPostprocessing = 0;
		};
		EE1CEF472E48469400DD2195 /* Resources */ = {
			isa = PBXResourcesBuildPhase;
			buildActionMask = 2147483647;
			files = (
			);
			runOnlyForDeploymentPostprocessing = 0;
		};
		EE1CEF512E48469400DD2195 /* Resources */ = {
			isa = PBXResourcesBuildPhase;
			buildActionMask = 2147483647;
			files = (
			);
			runOnlyForDeploymentPostprocessing = 0;
		};
/* End PBXResourcesBuildPhase section */

/* Begin PBXSourcesBuildPhase section */
		EE1CEF352E48469300DD2195 /* Sources */ = {
			isa = PBXSourcesBuildPhase;
			buildActionMask = 2147483647;
			files = (
			);
			runOnlyForDeploymentPostprocessing = 0;
		};
		EE1CEF452E48469400DD2195 /* Sources */ = {
			isa = PBXSourcesBuildPhase;
			buildActionMask = 2147483647;
			files = (
			);
			runOnlyForDeploymentPostprocessing = 0;
		};
		EE1CEF4F2E48469400DD2195 /* Sources */ = {
			isa = PBXSourcesBuildPhase;
			buildActionMask = 2147483647;
			files = (
			);
			runOnlyForDeploymentPostprocessing = 0;
		};
/* End PBXSourcesBuildPhase section */

/* Begin PBXTargetDependency section */
		EE1CEF4B2E48469400DD2195 /* PBXTargetDependency */ = {
			isa = PBXTargetDependency;
			target = EE1CEF382E48469300DD2195 /* PomodoroFocus */;
			targetProxy = EE1CEF4A2E48469400DD2195 /* PBXContainerItemProxy */;
		};
		EE1CEF552E48469400DD2195 /* PBXTargetDependency */ = {
			isa = PBXTargetDependency;
			target = EE1CEF382E48469300DD2195 /* PomodoroFocus */;
			targetProxy = EE1CEF542E48469400DD2195 /* PBXContainerItemProxy */;
		};
/* End PBXTargetDependency section */

/* Begin XCBuildConfiguration section */
		EE1CEF5B2E48469400DD2195 /* Debug */ = {
			isa = XCBuildConfiguration;
			buildSettings = {
				ALWAYS_SEARCH_USER_PATHS = NO;
				ASSETCATALOG_COMPILER_GENERATE_SWIFT_ASSET_SYMBOL_EXTENSIONS = YES;
				CLANG_ANALYZER_NONNULL = YES;
				CLANG_ANALYZER_NUMBER_OBJECT_CONVERSION = YES_AGGRESSIVE;
				CLANG_CXX_LANGUAGE_STANDARD = "gnu++20";
				CLANG_ENABLE_MODULES = YES;
				CLANG_ENABLE_OBJC_ARC = YES;
				CLANG_ENABLE_OBJC_WEAK = YES;
				CLANG_WARN_BLOCK_CAPTURE_AUTORELEASING = YES;
				CLANG_WARN_BOOL_CONVERSION = YES;
				CLANG_WARN_COMMA = YES;
				CLANG_WARN_CONSTANT_CONVERSION = YES;
				CLANG_WARN_DEPRECATED_OBJC_IMPLEMENTATIONS = YES;
				CLANG_WARN_DIRECT_OBJC_ISA_USAGE = YES_ERROR;
				CLANG_WARN_DOCUMENTATION_COMMENTS = YES;
				CLANG_WARN_EMPTY_BODY = YES;
				CLANG_WARN_ENUM_CONVERSION = YES;
				CLANG_WARN_INFINITE_RECURSION = YES;
				CLANG_WARN_INT_CONVERSION = YES;
				CLANG_WARN_NON_LITERAL_NULL_CONVERSION = YES;
				CLANG_WARN_OBJC_IMPLICIT_RETAIN_SELF = YES;
				CLANG_WARN_OBJC_LITERAL_CONVERSION = YES;
				CLANG_WARN_OBJC_ROOT_CLASS = YES_ERROR;
				CLANG_WARN_QUOTED_INCLUDE_IN_FRAMEWORK_HEADER = YES;
				CLANG_WARN_RANGE_LOOP_ANALYSIS = YES;
				CLANG_WARN_STRICT_PROTOTYPES = YES;
				CLANG_WARN_SUSPICIOUS_MOVE = YES;
				CLANG_WARN_UNGUARDED_AVAILABILITY = YES_AGGRESSIVE;
				CLANG_WARN_UNREACHABLE_CODE = YES;
				CLANG_WARN__DUPLICATE_METHOD_MATCH = YES;
				COPY_PHASE_STRIP = NO;
				DEBUG_INFORMATION_FORMAT = dwarf;
				ENABLE_STRICT_OBJC_MSGSEND = YES;
				ENABLE_TESTABILITY = YES;
				ENABLE_USER_SCRIPT_SANDBOXING = YES;
				GCC_C_LANGUAGE_STANDARD = gnu17;
				GCC_DYNAMIC_NO_PIC = NO;
				GCC_NO_COMMON_BLOCKS = YES;
				GCC_OPTIMIZATION_LEVEL = 0;
				GCC_PREPROCESSOR_DEFINITIONS = (
					"DEBUG=1",
					"$(inherited)",
				);
				GCC_WARN_64_TO_32_BIT_CONVERSION = YES;
				GCC_WARN_ABOUT_RETURN_TYPE = YES_ERROR;
				GCC_WARN_UNDECLARED_SELECTOR = YES;
				GCC_WARN_UNINITIALIZED_AUTOS = YES_AGGRESSIVE;
				GCC_WARN_UNUSED_FUNCTION = YES;
				GCC_WARN_UNUSED_VARIABLE = YES;
				IPHONEOS_DEPLOYMENT_TARGET = 18.2;
				LOCALIZATION_PREFERS_STRING_CATALOGS = YES;
				MTL_ENABLE_DEBUG_INFO = INCLUDE_SOURCE;
				MTL_FAST_MATH = YES;
				ONLY_ACTIVE_ARCH = YES;
				SDKROOT = iphoneos;
				SWIFT_ACTIVE_COMPILATION_CONDITIONS = "DEBUG $(inherited)";
				SWIFT_OPTIMIZATION_LEVEL = "-Onone";
			};
			name = Debug;
		};
		EE1CEF5C2E48469400DD2195 /* Release */ = {
			isa = XCBuildConfiguration;
			buildSettings = {
				ALWAYS_SEARCH_USER_PATHS = NO;
				ASSETCATALOG_COMPILER_GENERATE_SWIFT_ASSET_SYMBOL_EXTENSIONS = YES;
				CLANG_ANALYZER_NONNULL = YES;
				CLANG_ANALYZER_NUMBER_OBJECT_CONVERSION = YES_AGGRESSIVE;
				CLANG_CXX_LANGUAGE_STANDARD = "gnu++20";
				CLANG_ENABLE_MODULES = YES;
				CLANG_ENABLE_OBJC_ARC = YES;
				CLANG_ENABLE_OBJC_WEAK = YES;
				CLANG_WARN_BLOCK_CAPTURE_AUTORELEASING = YES;
				CLANG_WARN_BOOL_CONVERSION = YES;
				CLANG_WARN_COMMA = YES;
				CLANG_WARN_CONSTANT_CONVERSION = YES;
				CLANG_WARN_DEPRECATED_OBJC_IMPLEMENTATIONS = YES;
				CLANG_WARN_DIRECT_OBJC_ISA_USAGE = YES_ERROR;
				CLANG_WARN_DOCUMENTATION_COMMENTS = YES;
				CLANG_WARN_EMPTY_BODY = YES;
				CLANG_WARN_ENUM_CONVERSION = YES;
				CLANG_WARN_INFINITE_RECURSION = YES;
				CLANG_WARN_INT_CONVERSION = YES;
				CLANG_WARN_NON_LITERAL_NULL_CONVERSION = YES;
				CLANG_WARN_OBJC_IMPLICIT_RETAIN_SELF = YES;
				CLANG_WARN_OBJC_LITERAL_CONVERSION = YES;
				CLANG_WARN_OBJC_ROOT_CLASS = YES_ERROR;
				CLANG_WARN_QUOTED_INCLUDE_IN_FRAMEWORK_HEADER = YES;
				CLANG_WARN_RANGE_LOOP_ANALYSIS = YES;
				CLANG_WARN_STRICT_PROTOTYPES = YES;
				CLANG_WARN_SUSPICIOUS_MOVE = YES;
				CLANG_WARN_UNGUARDED_AVAILABILITY = YES_AGGRESSIVE;
				CLANG_WARN_UNREACHABLE_CODE = YES;
				CLANG_WARN__DUPLICATE_METHOD_MATCH = YES;
				COPY_PHASE_STRIP = NO;
				DEBUG_INFORMATION_FORMAT = "dwarf-with-dsym";
				ENABLE_NS_ASSERTIONS = NO;
				ENABLE_STRICT_OBJC_MSGSEND = YES;
				ENABLE_USER_SCRIPT_SANDBOXING = YES;
				GCC_C_LANGUAGE_STANDARD = gnu17;
				GCC_NO_COMMON_BLOCKS = YES;
				GCC_WARN_64_TO_32_BIT_CONVERSION = YES;
				GCC_WARN_ABOUT_RETURN_TYPE = YES_ERROR;
				GCC_WARN_UNDECLARED_SELECTOR = YES;
				GCC_WARN_UNINITIALIZED_AUTOS = YES_AGGRESSIVE;
				GCC_WARN_UNUSED_FUNCTION = YES;
				GCC_WARN_UNUSED_VARIABLE = YES;
				IPHONEOS_DEPLOYMENT_TARGET = 18.2;
				LOCALIZATION_PREFERS_STRING_CATALOGS = YES;
				MTL_ENABLE_DEBUG_INFO = NO;
				MTL_FAST_MATH = YES;
				SDKROOT = iphoneos;
				SWIFT_COMPILATION_MODE = wholemodule;
				VALIDATE_PRODUCT = YES;
			};
			name = Release;
		};
		EE1CEF5E2E48469400DD2195 /* Debug */ = {
			isa = XCBuildConfiguration;
			buildSettings = {
				ASSETCATALOG_COMPILER_APPICON_NAME = AppIcon;
				ASSETCATALOG_COMPILER_GLOBAL_ACCENT_COLOR_NAME = AccentColor;
				CODE_SIGN_STYLE = Automatic;
				CURRENT_PROJECT_VERSION = 1;
				DEVELOPMENT_ASSET_PATHS = "\"PomodoroFocus/Preview Content\"";
				ENABLE_PREVIEWS = YES;
				GENERATE_INFOPLIST_FILE = YES;
				INFOPLIST_KEY_UIApplicationSceneManifest_Generation = YES;
				INFOPLIST_KEY_UIApplicationSupportsIndirectInputEvents = YES;
				INFOPLIST_KEY_UILaunchScreen_Generation = YES;
				INFOPLIST_KEY_UISupportedInterfaceOrientations_iPad = "UIInterfaceOrientationPortrait UIInterfaceOrientationPortraitUpsideDown UIInterfaceOrientationLandscapeLeft UIInterfaceOrientationLandscapeRight";
				INFOPLIST_KEY_UISupportedInterfaceOrientations_iPhone = "UIInterfaceOrientationPortrait UIInterfaceOrientationLandscapeLeft UIInterfaceOrientationLandscapeRight";
				LD_RUNPATH_SEARCH_PATHS = (
					"$(inherited)",
					"@executable_path/Frameworks",
				);
				MARKETING_VERSION = 1.0;
				PRODUCT_BUNDLE_IDENTIFIER = com.arvinarbabi.PomodoroFocus;
				PRODUCT_NAME = "$(TARGET_NAME)";
				SWIFT_EMIT_LOC_STRINGS = YES;
				SWIFT_VERSION = 5.0;
				TARGETED_DEVICE_FAMILY = "1,2";
			};
			name = Debug;
		};
		EE1CEF5F2E48469400DD2195 /* Release */ = {
			isa = XCBuildConfiguration;
			buildSettings = {
				ASSETCATALOG_COMPILER_APPICON_NAME = AppIcon;
				ASSETCATALOG_COMPILER_GLOBAL_ACCENT_COLOR_NAME = AccentColor;
				CODE_SIGN_STYLE = Automatic;
				CURRENT_PROJECT_VERSION = 1;
				DEVELOPMENT_ASSET_PATHS = "\"PomodoroFocus/Preview Content\"";
				ENABLE_PREVIEWS = YES;
				GENERATE_INFOPLIST_FILE = YES;
				INFOPLIST_KEY_UIApplicationSceneManifest_Generation = YES;
				INFOPLIST_KEY_UIApplicationSupportsIndirectInputEvents = YES;
				INFOPLIST_KEY_UILaunchScreen_Generation = YES;
				INFOPLIST_KEY_UISupportedInterfaceOrientations_iPad = "UIInterfaceOrientationPortrait UIInterfaceOrientationPortraitUpsideDown UIInterfaceOrientationLandscapeLeft UIInterfaceOrientationLandscapeRight";
				INFOPLIST_KEY_UISupportedInterfaceOrientations_iPhone = "UIInterfaceOrientationPortrait UIInterfaceOrientationLandscapeLeft UIInterfaceOrientationLandscapeRight";
				LD_RUNPATH_SEARCH_PATHS = (
					"$(inherited)",
					"@executable_path/Frameworks",
				);
				MARKETING_VERSION = 1.0;
				PRODUCT_BUNDLE_IDENTIFIER = com.arvinarbabi.PomodoroFocus;
				PRODUCT_NAME = "$(TARGET_NAME)";
				SWIFT_EMIT_LOC_STRINGS = YES;
				SWIFT_VERSION = 5.0;
				TARGETED_DEVICE_FAMILY = "1,2";
			};
			name = Release;
		};
		EE1CEF612E48469400DD2195 /* Debug */ = {
			isa = XCBuildConfiguration;
			buildSettings = {
				BUNDLE_LOADER = "$(TEST_HOST)";
				CODE_SIGN_STYLE = Automatic;
				CURRENT_PROJECT_VERSION = 1;
				GENERATE_INFOPLIST_FILE = YES;
				IPHONEOS_DEPLOYMENT_TARGET = 18.2;
				MARKETING_VERSION = 1.0;
				PRODUCT_BUNDLE_IDENTIFIER = com.arvinarbabi.PomodoroFocusTests;
				PRODUCT_NAME = "$(TARGET_NAME)";
				SWIFT_EMIT_LOC_STRINGS = NO;
				SWIFT_VERSION = 5.0;
				TARGETED_DEVICE_FAMILY = "1,2";
				TEST_HOST = "$(BUILT_PRODUCTS_DIR)/PomodoroFocus.app/$(BUNDLE_EXECUTABLE_FOLDER_PATH)/PomodoroFocus";
			};
			name = Debug;
		};
		EE1CEF622E48469400DD2195 /* Release */ = {
			isa = XCBuildConfiguration;
			buildSettings = {
				BUNDLE_LOADER = "$(TEST_HOST)";
				CODE_SIGN_STYLE = Automatic;
				CURRENT_PROJECT_VERSION = 1;
				GENERATE_INFOPLIST_FILE = YES;
				IPHONEOS_DEPLOYMENT_TARGET = 18.2;
				MARKETING_VERSION = 1.0;
				PRODUCT_BUNDLE_IDENTIFIER = com.arvinarbabi.PomodoroFocusTests;
				PRODUCT_NAME = "$(TARGET_NAME)";
				SWIFT_EMIT_LOC_STRINGS = NO;
				SWIFT_VERSION = 5.0;
				TARGETED_DEVICE_FAMILY = "1,2";
				TEST_HOST = "$(BUILT_PRODUCTS_DIR)/PomodoroFocus.app/$(BUNDLE_EXECUTABLE_FOLDER_PATH)/PomodoroFocus";
			};
			name = Release;
		};
		EE1CEF642E48469400DD2195 /* Debug */ = {
			isa = XCBuildConfiguration;
			buildSettings = {
				CODE_SIGN_STYLE = Automatic;
				CURRENT_PROJECT_VERSION = 1;
				GENERATE_INFOPLIST_FILE = YES;
				MARKETING_VERSION = 1.0;
				PRODUCT_BUNDLE_IDENTIFIER = com.arvinarbabi.PomodoroFocusUITests;
				PRODUCT_NAME = "$(TARGET_NAME)";
				SWIFT_EMIT_LOC_STRINGS = NO;
				SWIFT_VERSION = 5.0;
				TARGETED_DEVICE_FAMILY = "1,2";
				TEST_TARGET_NAME = PomodoroFocus;
			};
			name = Debug;
		};
		EE1CEF652E48469400DD2195 /* Release */ = {
			isa = XCBuildConfiguration;
			buildSettings = {
				CODE_SIGN_STYLE = Automatic;
				CURRENT_PROJECT_VERSION = 1;
				GENERATE_INFOPLIST_FILE = YES;
				MARKETING_VERSION = 1.0;
				PRODUCT_BUNDLE_IDENTIFIER = com.arvinarbabi.PomodoroFocusUITests;
				PRODUCT_NAME = "$(TARGET_NAME)";
				SWIFT_EMIT_LOC_STRINGS = NO;
				SWIFT_VERSION = 5.0;
				TARGETED_DEVICE_FAMILY = "1,2";
				TEST_TARGET_NAME = PomodoroFocus;
			};
			name = Release;
		};
/* End XCBuildConfiguration section */

/* Begin XCConfigurationList section */
		EE1CEF342E48469300DD2195 /* Build configuration list for PBXProject "PomodoroFocus" */ = {
			isa = XCConfigurationList;
			buildConfigurations = (
				EE1CEF5B2E48469400DD2195 /* Debug */,
				EE1CEF5C2E48469400DD2195 /* Release */,
			);
			defaultConfigurationIsVisible = 0;
			defaultConfigurationName = Release;
		};
		EE1CEF5D2E48469400DD2195 /* Build configuration list for PBXNativeTarget "PomodoroFocus" */ = {
			isa = XCConfigurationList;
			buildConfigurations = (
				EE1CEF5E2E48469400DD2195 /* Debug */,
				EE1CEF5F2E48469400DD2195 /* Release */,
			);
			defaultConfigurationIsVisible = 0;
			defaultConfigurationName = Release;
		};
		EE1CEF602E48469400DD2195 /* Build configuration list for PBXNativeTarget "PomodoroFocusTests" */ = {
			isa = XCConfigurationList;
			buildConfigurations = (
				EE1CEF612E48469400DD2195 /* Debug */,
				EE1CEF622E48469400DD2195 /* Release */,
			);
			defaultConfigurationIsVisible = 0;
			defaultConfigurationName = Release;
		};
		EE1CEF632E48469400DD2195 /* Build configuration list for PBXNativeTarget "PomodoroFocusUITests" */ = {
			isa = XCConfigurationList;
			buildConfigurations = (
				EE1CEF642E48469400DD2195 /* Debug */,
				EE1CEF652E48469400DD2195 /* Release */,
			);
			defaultConfigurationIsVisible = 0;
			defaultConfigurationName = Release;
		};
/* End XCConfigurationList section */
	};
	rootObject = EE1CEF312E48469300DD2195 /* Project object */;
}
